
Microsoft Visual Studio Solution File, Format Version 12.00
# Visual Studio 2013
VisualStudioVersion = 12.0.31101.0
MinimumVisualStudioVersion = 10.0.40219.1
Project("{FAE04EC0-301F-11D3-BF4B-00C04F79EFBC}") = "OpenALPR_CS", "OpenALPR_CS\OpenALPR_CS.csproj", "{BC3A5CD1-A0B1-4090-843E-9825408E6404}"
EndProject
Global
	GlobalSection(SolutionConfigurationPlatforms) = preSolution
		Debug|Any CPU = Debug|Any CPU
		Release|Any CPU = Release|Any CPU
	EndGlobalSection
	GlobalSection(ProjectConfigurationPlatforms) = postSolution
		{BC3A5CD1-A0B1-4090-843E-9825408E6404}.Debug|Any CPU.ActiveCfg = Debug|Any CPU
		{BC3A5CD1-A0B1-4090-843E-9825408E6404}.Debug|Any CPU.Build.0 = Debug|Any CPU
		{BC3A5CD1-A0B1-4090-843E-9825408E6404}.Release|Any CPU.ActiveCfg = Release|Any CPU
		{BC3A5CD1-A0B1-4090-843E-9825408E6404}.Release|Any CPU.Build.0 = Release|Any CPU
	EndGlobalSection
	GlobalSection(SolutionProperties) = preSolution
		HideSolutionNode = FALSE
	EndGlobalSection
EndGlobal
